
Microsoft Visual Studio Solution File, Format Version 12.00
# Visual Studio Version 17
VisualStudioVersion = 17.8.34316.72
MinimumVisualStudioVersion = 10.0.40219.1
Project("{8BC9CEB8-8B4A-11D0-8D11-00A0C91BC942}") = "Fibonacci numbers again", "Fibonacci numbers again\Fibonacci numbers again.vcxproj", "{57C82DC8-7E65-44AE-9F6A-4D9D34148E30}"
EndProject
Global
	GlobalSection(SolutionConfigurationPlatforms) = preSolution
		Debug|x64 = Debug|x64
		Debug|x86 = Debug|x86
		Release|x64 = Release|x64
		Release|x86 = Release|x86
	EndGlobalSection
	GlobalSection(ProjectConfigurationPlatforms) = postSolution
		{57C82DC8-7E65-44AE-9F6A-4D9D34148E30}.Debug|x64.ActiveCfg = Debug|x64
		{57C82DC8-7E65-44AE-9F6A-4D9D34148E30}.Debug|x64.Build.0 = Debug|x64
		{57C82DC8-7E65-44AE-9F6A-4D9D34148E30}.Debug|x86.ActiveCfg = Debug|Win32
		{57C82DC8-7E65-44AE-9F6A-4D9D34148E30}.Debug|x86.Build.0 = Debug|Win32
		{57C82DC8-7E65-44AE-9F6A-4D9D34148E30}.Release|x64.ActiveCfg = Release|x64
		{57C82DC8-7E65-44AE-9F6A-4D9D34148E30}.Release|x64.Build.0 = Release|x64
		{57C82DC8-7E65-44AE-9F6A-4D9D34148E30}.Release|x86.ActiveCfg = Release|Win32
		{57C82DC8-7E65-44AE-9F6A-4D9D34148E30}.Release|x86.Build.0 = Release|Win32
	EndGlobalSection
	GlobalSection(SolutionProperties) = preSolution
		HideSolutionNode = FALSE
	EndGlobalSection
	GlobalSection(ExtensibilityGlobals) = postSolution
		SolutionGuid = {162211C1-8CCB-4EAF-9267-4CCC964C5B8B}
	EndGlobalSection
EndGlobal
