<?xml version="1.0" encoding="utf-8"?>
<Project ToolsVersion="17.0" xmlns="http://schemas.microsoft.com/developer/msbuild/2003">
  <ItemGroup>
    <ClCompile Include="E:\source\Basic_programming_n_Cpp\Lesson_11\Task_5\source_files\Figure.cpp">
      <Filter>Source Files</Filter>
    </ClCompile>
    <ClCompile Include="E:\source\Basic_programming_n_Cpp\Lesson_11\Task_5\source_files\Equilateral_triangle.cpp">
      <Filter>Source Files</Filter>
    </ClCompile>
    <ClCompile Include="E:\source\Basic_programming_n_Cpp\Lesson_11\Task_5\source_files\Isosceles_triangle.cpp">
      <Filter>Source Files</Filter>
    </ClCompile>
    <ClCompile Include="E:\source\Basic_programming_n_Cpp\Lesson_11\Task_5\source_files\Parallelogram.cpp">
      <Filter>Source Files</Filter>
    </ClCompile>
    <ClCompile Include="E:\source\Basic_programming_n_Cpp\Lesson_11\Task_5\source_files\Quadrat.cpp">
      <Filter>Source Files</Filter>
    </ClCompile>
    <ClCompile Include="E:\source\Basic_programming_n_Cpp\Lesson_11\Task_5\source_files\Quadrilateral.cpp">
      <Filter>Source Files</Filter>
    </ClCompile>
    <ClCompile Include="E:\source\Basic_programming_n_Cpp\Lesson_11\Task_5\source_files\Rectangle.cpp">
      <Filter>Source Files</Filter>
    </ClCompile>
    <ClCompile Include="E:\source\Basic_programming_n_Cpp\Lesson_11\Task_5\source_files\Rhomb.cpp">
      <Filter>Source Files</Filter>
    </ClCompile>
    <ClCompile Include="E:\source\Basic_programming_n_Cpp\Lesson_11\Task_5\source_files\Right_angled_triangle.cpp">
      <Filter>Source Files</Filter>
    </ClCompile>
    <ClCompile Include="E:\source\Basic_programming_n_Cpp\Lesson_11\Task_5\source_files\Triangle.cpp">
      <Filter>Source Files</Filter>
    </ClCompile>
  </ItemGroup>
  <ItemGroup>
    <ClInclude Include="E:\source\Basic_programming_n_Cpp\Lesson_11\Task_5\source_files\Header.h">
      <Filter>Header Files</Filter>
    </ClInclude>
    <ClInclude Include="E:\source\Basic_programming_n_Cpp\Lesson_11\Task_5\source_files\Figure.h">
      <Filter>Header Files</Filter>
    </ClInclude>
    <ClInclude Include="E:\source\Basic_programming_n_Cpp\Lesson_11\Task_5\source_files\Equilateral_triangle.h">
      <Filter>Header Files</Filter>
    </ClInclude>
    <ClInclude Include="E:\source\Basic_programming_n_Cpp\Lesson_11\Task_5\source_files\Isosceles_triangle.h">
      <Filter>Header Files</Filter>
    </ClInclude>
    <ClInclude Include="E:\source\Basic_programming_n_Cpp\Lesson_11\Task_5\source_files\Parallelogram.h">
      <Filter>Header Files</Filter>
    </ClInclude>
    <ClInclude Include="E:\source\Basic_programming_n_Cpp\Lesson_11\Task_5\source_files\Quadrat.h">
      <Filter>Header Files</Filter>
    </ClInclude>
    <ClInclude Include="E:\source\Basic_programming_n_Cpp\Lesson_11\Task_5\source_files\Quadrilateral.h">
      <Filter>Header Files</Filter>
    </ClInclude>
    <ClInclude Include="E:\source\Basic_programming_n_Cpp\Lesson_11\Task_5\source_files\Rectangle.h">
      <Filter>Header Files</Filter>
    </ClInclude>
    <ClInclude Include="E:\source\Basic_programming_n_Cpp\Lesson_11\Task_5\source_files\Rhomb.h">
      <Filter>Header Files</Filter>
    </ClInclude>
    <ClInclude Include="E:\source\Basic_programming_n_Cpp\Lesson_11\Task_5\source_files\Right_angled_triangle.h">
      <Filter>Header Files</Filter>
    </ClInclude>
    <ClInclude Include="E:\source\Basic_programming_n_Cpp\Lesson_11\Task_5\source_files\Triangle.h">
      <Filter>Header Files</Filter>
    </ClInclude>
  </ItemGroup>
  <ItemGroup>
    <CustomBuild Include="E:\source\Basic_programming_n_Cpp\Lesson_11\Task_5\source_files\CMakeLists.txt" />
  </ItemGroup>
  <ItemGroup>
    <Filter Include="Header Files">
      <UniqueIdentifier>{75CDC047-BDD7-3224-8A26-24812B5E217C}</UniqueIdentifier>
    </Filter>
    <Filter Include="Source Files">
      <UniqueIdentifier>{836E8313-244E-364A-ADDC-DA64B286E78A}</UniqueIdentifier>
    </Filter>
  </ItemGroup>
</Project>
