
Microsoft Visual Studio Solution File, Format Version 12.00
# Visual Studio Version 17
VisualStudioVersion = 17.11.35327.3
MinimumVisualStudioVersion = 10.0.40219.1
Project("{8BC9CEB8-8B4A-11D0-8D11-00A0C91BC942}") = "table", "table\table.vcxproj", "{AA174D96-4941-412D-8FC9-6F9927BE667B}"
EndProject
Global
	GlobalSection(SolutionConfigurationPlatforms) = preSolution
		Debug|x64 = Debug|x64
		Debug|x86 = Debug|x86
		Release|x64 = Release|x64
		Release|x86 = Release|x86
	EndGlobalSection
	GlobalSection(ProjectConfigurationPlatforms) = postSolution
		{AA174D96-4941-412D-8FC9-6F9927BE667B}.Debug|x64.ActiveCfg = Debug|x64
		{AA174D96-4941-412D-8FC9-6F9927BE667B}.Debug|x64.Build.0 = Debug|x64
		{AA174D96-4941-412D-8FC9-6F9927BE667B}.Debug|x86.ActiveCfg = Debug|Win32
		{AA174D96-4941-412D-8FC9-6F9927BE667B}.Debug|x86.Build.0 = Debug|Win32
		{AA174D96-4941-412D-8FC9-6F9927BE667B}.Release|x64.ActiveCfg = Release|x64
		{AA174D96-4941-412D-8FC9-6F9927BE667B}.Release|x64.Build.0 = Release|x64
		{AA174D96-4941-412D-8FC9-6F9927BE667B}.Release|x86.ActiveCfg = Release|Win32
		{AA174D96-4941-412D-8FC9-6F9927BE667B}.Release|x86.Build.0 = Release|Win32
	EndGlobalSection
	GlobalSection(SolutionProperties) = preSolution
		HideSolutionNode = FALSE
	EndGlobalSection
	GlobalSection(ExtensibilityGlobals) = postSolution
		SolutionGuid = {DB66EF2F-0023-41DA-AD0F-C8151C567F04}
	EndGlobalSection
EndGlobal
