
Microsoft Visual Studio Solution File, Format Version 12.00
# Visual Studio Version 17
VisualStudioVersion = 17.8.34316.72
MinimumVisualStudioVersion = 10.0.40219.1
Project("{8BC9CEB8-8B4A-11D0-8D11-00A0C91BC942}") = "Mathematical_functions", "Mathematical_functions\Mathematical_functions.vcxproj", "{C1FA3FDA-A2A3-422A-B585-54C9078BD580}"
EndProject
Global
	GlobalSection(SolutionConfigurationPlatforms) = preSolution
		Debug|x64 = Debug|x64
		Debug|x86 = Debug|x86
		Release|x64 = Release|x64
		Release|x86 = Release|x86
	EndGlobalSection
	GlobalSection(ProjectConfigurationPlatforms) = postSolution
		{C1FA3FDA-A2A3-422A-B585-54C9078BD580}.Debug|x64.ActiveCfg = Debug|x64
		{C1FA3FDA-A2A3-422A-B585-54C9078BD580}.Debug|x64.Build.0 = Debug|x64
		{C1FA3FDA-A2A3-422A-B585-54C9078BD580}.Debug|x86.ActiveCfg = Debug|Win32
		{C1FA3FDA-A2A3-422A-B585-54C9078BD580}.Debug|x86.Build.0 = Debug|Win32
		{C1FA3FDA-A2A3-422A-B585-54C9078BD580}.Release|x64.ActiveCfg = Release|x64
		{C1FA3FDA-A2A3-422A-B585-54C9078BD580}.Release|x64.Build.0 = Release|x64
		{C1FA3FDA-A2A3-422A-B585-54C9078BD580}.Release|x86.ActiveCfg = Release|Win32
		{C1FA3FDA-A2A3-422A-B585-54C9078BD580}.Release|x86.Build.0 = Release|Win32
	EndGlobalSection
	GlobalSection(SolutionProperties) = preSolution
		HideSolutionNode = FALSE
	EndGlobalSection
	GlobalSection(ExtensibilityGlobals) = postSolution
		SolutionGuid = {87CA0AF1-D54F-495F-8686-CAC575E2CC84}
	EndGlobalSection
EndGlobal
