<?xml version="1.0" encoding="utf-8"?>
<Project ToolsVersion="17.0" xmlns="http://schemas.microsoft.com/developer/msbuild/2003">
  <ItemGroup>
    <ClCompile Include="E:\source\Basic_programming_n_Cpp\Lesson_10\Task_2\source_files\Class_hierarchy.cpp">
      <Filter>Source Files</Filter>
    </ClCompile>
    <ClCompile Include="E:\source\Basic_programming_n_Cpp\Lesson_10\Task_2\source_files\Figure.cpp">
      <Filter>Source Files</Filter>
    </ClCompile>
    <ClCompile Include="E:\source\Basic_programming_n_Cpp\Lesson_10\Task_2\source_files\Equilateral_triangle.cpp">
      <Filter>Source Files</Filter>
    </ClCompile>
    <ClCompile Include="E:\source\Basic_programming_n_Cpp\Lesson_10\Task_2\source_files\Isosceles_triangle.cpp">
      <Filter>Source Files</Filter>
    </ClCompile>
    <ClCompile Include="E:\source\Basic_programming_n_Cpp\Lesson_10\Task_2\source_files\Parallelogram.cpp">
      <Filter>Source Files</Filter>
    </ClCompile>
    <ClCompile Include="E:\source\Basic_programming_n_Cpp\Lesson_10\Task_2\source_files\Quadrat.cpp">
      <Filter>Source Files</Filter>
    </ClCompile>
    <ClCompile Include="E:\source\Basic_programming_n_Cpp\Lesson_10\Task_2\source_files\Quadrilateral.cpp">
      <Filter>Source Files</Filter>
    </ClCompile>
    <ClCompile Include="E:\source\Basic_programming_n_Cpp\Lesson_10\Task_2\source_files\Rectangle.cpp">
      <Filter>Source Files</Filter>
    </ClCompile>
    <ClCompile Include="E:\source\Basic_programming_n_Cpp\Lesson_10\Task_2\source_files\Rhomb.cpp">
      <Filter>Source Files</Filter>
    </ClCompile>
    <ClCompile Include="E:\source\Basic_programming_n_Cpp\Lesson_10\Task_2\source_files\Right_angled_triangle.cpp">
      <Filter>Source Files</Filter>
    </ClCompile>
    <ClCompile Include="E:\source\Basic_programming_n_Cpp\Lesson_10\Task_2\source_files\Triangle.cpp">
      <Filter>Source Files</Filter>
    </ClCompile>
  </ItemGroup>
  <ItemGroup>
    <ClInclude Include="E:\source\Basic_programming_n_Cpp\Lesson_10\Task_2\source_files\Figure.h">
      <Filter>Header Files</Filter>
    </ClInclude>
    <ClInclude Include="E:\source\Basic_programming_n_Cpp\Lesson_10\Task_2\source_files\Equilateral_triangle.h">
      <Filter>Header Files</Filter>
    </ClInclude>
    <ClInclude Include="E:\source\Basic_programming_n_Cpp\Lesson_10\Task_2\source_files\Isosceles_triangle.h">
      <Filter>Header Files</Filter>
    </ClInclude>
    <ClInclude Include="E:\source\Basic_programming_n_Cpp\Lesson_10\Task_2\source_files\Parallelogram.h">
      <Filter>Header Files</Filter>
    </ClInclude>
    <ClInclude Include="E:\source\Basic_programming_n_Cpp\Lesson_10\Task_2\source_files\Quadrat.h">
      <Filter>Header Files</Filter>
    </ClInclude>
    <ClInclude Include="E:\source\Basic_programming_n_Cpp\Lesson_10\Task_2\source_files\Quadrilateral.h">
      <Filter>Header Files</Filter>
    </ClInclude>
    <ClInclude Include="E:\source\Basic_programming_n_Cpp\Lesson_10\Task_2\source_files\Rectangle.h">
      <Filter>Header Files</Filter>
    </ClInclude>
    <ClInclude Include="E:\source\Basic_programming_n_Cpp\Lesson_10\Task_2\source_files\Rhomb.h">
      <Filter>Header Files</Filter>
    </ClInclude>
    <ClInclude Include="E:\source\Basic_programming_n_Cpp\Lesson_10\Task_2\source_files\Right_angled_triangle.h">
      <Filter>Header Files</Filter>
    </ClInclude>
    <ClInclude Include="E:\source\Basic_programming_n_Cpp\Lesson_10\Task_2\source_files\Triangle.h">
      <Filter>Header Files</Filter>
    </ClInclude>
  </ItemGroup>
  <ItemGroup>
    <CustomBuild Include="E:\source\Basic_programming_n_Cpp\Lesson_10\Task_2\source_files\CMakeLists.txt" />
  </ItemGroup>
  <ItemGroup>
    <Filter Include="Header Files">
      <UniqueIdentifier>{69425C12-0311-3083-B842-0A8266EBA300}</UniqueIdentifier>
    </Filter>
    <Filter Include="Source Files">
      <UniqueIdentifier>{91907CFE-17CA-3552-9B4F-44E78BB2F871}</UniqueIdentifier>
    </Filter>
  </ItemGroup>
</Project>
