
Microsoft Visual Studio Solution File, Format Version 12.00
# Visual Studio Version 17
VisualStudioVersion = 17.8.34316.72
MinimumVisualStudioVersion = 10.0.40219.1
Project("{8BC9CEB8-8B4A-11D0-8D11-00A0C91BC942}") = "Задача 1. Месяцы", "Задача 1. Месяцы\Задача 1. Месяцы.vcxproj", "{81A7F56C-E9BF-4531-B6E1-35D5D444C8EC}"
EndProject
Global
	GlobalSection(SolutionConfigurationPlatforms) = preSolution
		Debug|x64 = Debug|x64
		Debug|x86 = Debug|x86
		Release|x64 = Release|x64
		Release|x86 = Release|x86
	EndGlobalSection
	GlobalSection(ProjectConfigurationPlatforms) = postSolution
		{81A7F56C-E9BF-4531-B6E1-35D5D444C8EC}.Debug|x64.ActiveCfg = Debug|x64
		{81A7F56C-E9BF-4531-B6E1-35D5D444C8EC}.Debug|x64.Build.0 = Debug|x64
		{81A7F56C-E9BF-4531-B6E1-35D5D444C8EC}.Debug|x86.ActiveCfg = Debug|Win32
		{81A7F56C-E9BF-4531-B6E1-35D5D444C8EC}.Debug|x86.Build.0 = Debug|Win32
		{81A7F56C-E9BF-4531-B6E1-35D5D444C8EC}.Release|x64.ActiveCfg = Release|x64
		{81A7F56C-E9BF-4531-B6E1-35D5D444C8EC}.Release|x64.Build.0 = Release|x64
		{81A7F56C-E9BF-4531-B6E1-35D5D444C8EC}.Release|x86.ActiveCfg = Release|Win32
		{81A7F56C-E9BF-4531-B6E1-35D5D444C8EC}.Release|x86.Build.0 = Release|Win32
	EndGlobalSection
	GlobalSection(SolutionProperties) = preSolution
		HideSolutionNode = FALSE
	EndGlobalSection
	GlobalSection(ExtensibilityGlobals) = postSolution
		SolutionGuid = {D1673ADC-1CF6-469F-B6EA-434CB5B7F0F8}
	EndGlobalSection
EndGlobal
