
Microsoft Visual Studio Solution File, Format Version 12.00
# Visual Studio Version 17
Project("{8BC9CEB8-8B4A-11D0-8D11-00A0C91BC942}") = "ALL_BUILD", "ALL_BUILD.vcxproj", "{9CC06161-FDAF-3456-A362-D028C8A1B5F1}"
	ProjectSection(ProjectDependencies) = postProject
		{3E82554A-43B1-32D2-A1BB-6683014BEC19} = {3E82554A-43B1-32D2-A1BB-6683014BEC19}
		{7822C892-D87D-3861-8DE5-15BBA34DD2E1} = {7822C892-D87D-3861-8DE5-15BBA34DD2E1}
		{ABD0F0BE-3466-3AE9-A73F-A9A8EA38AE07} = {ABD0F0BE-3466-3AE9-A73F-A9A8EA38AE07}
	EndProjectSection
EndProject
Project("{8BC9CEB8-8B4A-11D0-8D11-00A0C91BC942}") = "Dynam_Lib_Client", "Dynam_Lib_Client.vcxproj", "{3E82554A-43B1-32D2-A1BB-6683014BEC19}"
	ProjectSection(ProjectDependencies) = postProject
		{7822C892-D87D-3861-8DE5-15BBA34DD2E1} = {7822C892-D87D-3861-8DE5-15BBA34DD2E1}
		{ABD0F0BE-3466-3AE9-A73F-A9A8EA38AE07} = {ABD0F0BE-3466-3AE9-A73F-A9A8EA38AE07}
	EndProjectSection
EndProject
Project("{8BC9CEB8-8B4A-11D0-8D11-00A0C91BC942}") = "Dynamic_Library", "Dynamic_Library.vcxproj", "{7822C892-D87D-3861-8DE5-15BBA34DD2E1}"
	ProjectSection(ProjectDependencies) = postProject
		{ABD0F0BE-3466-3AE9-A73F-A9A8EA38AE07} = {ABD0F0BE-3466-3AE9-A73F-A9A8EA38AE07}
	EndProjectSection
EndProject
Project("{8BC9CEB8-8B4A-11D0-8D11-00A0C91BC942}") = "ZERO_CHECK", "ZERO_CHECK.vcxproj", "{ABD0F0BE-3466-3AE9-A73F-A9A8EA38AE07}"
	ProjectSection(ProjectDependencies) = postProject
	EndProjectSection
EndProject
Global
	GlobalSection(SolutionConfigurationPlatforms) = preSolution
		Debug|x64 = Debug|x64
		Release|x64 = Release|x64
		MinSizeRel|x64 = MinSizeRel|x64
		RelWithDebInfo|x64 = RelWithDebInfo|x64
	EndGlobalSection
	GlobalSection(ProjectConfigurationPlatforms) = postSolution
		{9CC06161-FDAF-3456-A362-D028C8A1B5F1}.Debug|x64.ActiveCfg = Debug|x64
		{9CC06161-FDAF-3456-A362-D028C8A1B5F1}.Release|x64.ActiveCfg = Release|x64
		{9CC06161-FDAF-3456-A362-D028C8A1B5F1}.MinSizeRel|x64.ActiveCfg = MinSizeRel|x64
		{9CC06161-FDAF-3456-A362-D028C8A1B5F1}.RelWithDebInfo|x64.ActiveCfg = RelWithDebInfo|x64
		{3E82554A-43B1-32D2-A1BB-6683014BEC19}.Debug|x64.ActiveCfg = Debug|x64
		{3E82554A-43B1-32D2-A1BB-6683014BEC19}.Debug|x64.Build.0 = Debug|x64
		{3E82554A-43B1-32D2-A1BB-6683014BEC19}.Release|x64.ActiveCfg = Release|x64
		{3E82554A-43B1-32D2-A1BB-6683014BEC19}.Release|x64.Build.0 = Release|x64
		{3E82554A-43B1-32D2-A1BB-6683014BEC19}.MinSizeRel|x64.ActiveCfg = MinSizeRel|x64
		{3E82554A-43B1-32D2-A1BB-6683014BEC19}.MinSizeRel|x64.Build.0 = MinSizeRel|x64
		{3E82554A-43B1-32D2-A1BB-6683014BEC19}.RelWithDebInfo|x64.ActiveCfg = RelWithDebInfo|x64
		{3E82554A-43B1-32D2-A1BB-6683014BEC19}.RelWithDebInfo|x64.Build.0 = RelWithDebInfo|x64
		{7822C892-D87D-3861-8DE5-15BBA34DD2E1}.Debug|x64.ActiveCfg = Debug|x64
		{7822C892-D87D-3861-8DE5-15BBA34DD2E1}.Debug|x64.Build.0 = Debug|x64
		{7822C892-D87D-3861-8DE5-15BBA34DD2E1}.Release|x64.ActiveCfg = Release|x64
		{7822C892-D87D-3861-8DE5-15BBA34DD2E1}.Release|x64.Build.0 = Release|x64
		{7822C892-D87D-3861-8DE5-15BBA34DD2E1}.MinSizeRel|x64.ActiveCfg = MinSizeRel|x64
		{7822C892-D87D-3861-8DE5-15BBA34DD2E1}.MinSizeRel|x64.Build.0 = MinSizeRel|x64
		{7822C892-D87D-3861-8DE5-15BBA34DD2E1}.RelWithDebInfo|x64.ActiveCfg = RelWithDebInfo|x64
		{7822C892-D87D-3861-8DE5-15BBA34DD2E1}.RelWithDebInfo|x64.Build.0 = RelWithDebInfo|x64
		{ABD0F0BE-3466-3AE9-A73F-A9A8EA38AE07}.Debug|x64.ActiveCfg = Debug|x64
		{ABD0F0BE-3466-3AE9-A73F-A9A8EA38AE07}.Debug|x64.Build.0 = Debug|x64
		{ABD0F0BE-3466-3AE9-A73F-A9A8EA38AE07}.Release|x64.ActiveCfg = Release|x64
		{ABD0F0BE-3466-3AE9-A73F-A9A8EA38AE07}.Release|x64.Build.0 = Release|x64
		{ABD0F0BE-3466-3AE9-A73F-A9A8EA38AE07}.MinSizeRel|x64.ActiveCfg = MinSizeRel|x64
		{ABD0F0BE-3466-3AE9-A73F-A9A8EA38AE07}.MinSizeRel|x64.Build.0 = MinSizeRel|x64
		{ABD0F0BE-3466-3AE9-A73F-A9A8EA38AE07}.RelWithDebInfo|x64.ActiveCfg = RelWithDebInfo|x64
		{ABD0F0BE-3466-3AE9-A73F-A9A8EA38AE07}.RelWithDebInfo|x64.Build.0 = RelWithDebInfo|x64
	EndGlobalSection
	GlobalSection(ExtensibilityGlobals) = postSolution
		SolutionGuid = {EB8A8E11-8281-3F89-81BB-1C37661B97B6}
	EndGlobalSection
	GlobalSection(ExtensibilityAddIns) = postSolution
	EndGlobalSection
EndGlobal
