
Microsoft Visual Studio Solution File, Format Version 12.00
# Visual Studio Version 17
VisualStudioVersion = 17.8.34316.72
MinimumVisualStudioVersion = 10.0.40219.1
Project("{8BC9CEB8-8B4A-11D0-8D11-00A0C91BC942}") = "Class_hierarchy", "Class_hierarchy\Class_hierarchy.vcxproj", "{55BE13D0-D8D2-41FE-AFC2-CB3CDB8BF696}"
EndProject
Global
	GlobalSection(SolutionConfigurationPlatforms) = preSolution
		Debug|x64 = Debug|x64
		Debug|x86 = Debug|x86
		Release|x64 = Release|x64
		Release|x86 = Release|x86
	EndGlobalSection
	GlobalSection(ProjectConfigurationPlatforms) = postSolution
		{55BE13D0-D8D2-41FE-AFC2-CB3CDB8BF696}.Debug|x64.ActiveCfg = Debug|x64
		{55BE13D0-D8D2-41FE-AFC2-CB3CDB8BF696}.Debug|x64.Build.0 = Debug|x64
		{55BE13D0-D8D2-41FE-AFC2-CB3CDB8BF696}.Debug|x86.ActiveCfg = Debug|Win32
		{55BE13D0-D8D2-41FE-AFC2-CB3CDB8BF696}.Debug|x86.Build.0 = Debug|Win32
		{55BE13D0-D8D2-41FE-AFC2-CB3CDB8BF696}.Release|x64.ActiveCfg = Release|x64
		{55BE13D0-D8D2-41FE-AFC2-CB3CDB8BF696}.Release|x64.Build.0 = Release|x64
		{55BE13D0-D8D2-41FE-AFC2-CB3CDB8BF696}.Release|x86.ActiveCfg = Release|Win32
		{55BE13D0-D8D2-41FE-AFC2-CB3CDB8BF696}.Release|x86.Build.0 = Release|Win32
	EndGlobalSection
	GlobalSection(SolutionProperties) = preSolution
		HideSolutionNode = FALSE
	EndGlobalSection
	GlobalSection(ExtensibilityGlobals) = postSolution
		SolutionGuid = {43B5D2E5-4E05-4084-8526-891E8DF6D4B0}
	EndGlobalSection
EndGlobal
