<?xml version="1.0" encoding="utf-8"?>
<Project ToolsVersion="17.0" xmlns="http://schemas.microsoft.com/developer/msbuild/2003">
  <ItemGroup>
    <ClCompile Include="E:\source\Basic_programming_n_Cpp\Lesson_10\Task_1\my_first_cmake_program.cpp">
      <Filter>Source Files</Filter>
    </ClCompile>
  </ItemGroup>
  <ItemGroup>
    <CustomBuild Include="E:\source\Basic_programming_n_Cpp\Lesson_10\Task_1\CMakeLists.txt" />
  </ItemGroup>
  <ItemGroup>
    <Filter Include="Source Files">
      <UniqueIdentifier>{2105E803-3CAB-3238-84DD-684B358C14D5}</UniqueIdentifier>
    </Filter>
  </ItemGroup>
</Project>
